
Microsoft Visual Studio Solution File, Format Version 9.00
# Visual C# Express 2005
Project("{FAE04EC0-301F-11D3-BF4B-00C04F79EFBC}") = "EVEPOSMon", "EVEPOSMon.csproj", "{190ECF40-EA83-40E2-8A5E-90E9010B1AB4}"
EndProject
Global
	GlobalSection(SolutionConfigurationPlatforms) = preSolution
		Debug|Any CPU = Debug|Any CPU
		Release|Any CPU = Release|Any CPU
	EndGlobalSection
	GlobalSection(ProjectConfigurationPlatforms) = postSolution
		{190ECF40-EA83-40E2-8A5E-90E9010B1AB4}.Debug|Any CPU.ActiveCfg = Debug|Any CPU
		{190ECF40-EA83-40E2-8A5E-90E9010B1AB4}.Debug|Any CPU.Build.0 = Debug|Any CPU
		{190ECF40-EA83-40E2-8A5E-90E9010B1AB4}.Release|Any CPU.ActiveCfg = Release|Any CPU
		{190ECF40-EA83-40E2-8A5E-90E9010B1AB4}.Release|Any CPU.Build.0 = Release|Any CPU
	EndGlobalSection
	GlobalSection(SolutionProperties) = preSolution
		HideSolutionNode = FALSE
	EndGlobalSection
EndGlobal
