
Microsoft Visual Studio Solution File, Format Version 9.00
# Visual C# Express 2005
Project("{FAE04EC0-301F-11D3-BF4B-00C04F79EFBC}") = "eveposmon", "eveposmon\eveposmon.csproj", "{F9203415-91A0-4E77-AD3A-FADF23A5040D}"
EndProject
Project("{FAE04EC0-301F-11D3-BF4B-00C04F79EFBC}") = "UnitTests", "UnitTests\UnitTests.csproj", "{6754557E-8EFF-4446-A528-1DE97A0B825F}"
EndProject
Project("{FAE04EC0-301F-11D3-BF4B-00C04F79EFBC}") = "consoletest", "consoletest\consoletest.csproj", "{068C9423-84FC-4D7F-85C1-762C45526617}"
EndProject
Global
	GlobalSection(SolutionConfigurationPlatforms) = preSolution
		Debug|Any CPU = Debug|Any CPU
		Release|Any CPU = Release|Any CPU
	EndGlobalSection
	GlobalSection(ProjectConfigurationPlatforms) = postSolution
		{F9203415-91A0-4E77-AD3A-FADF23A5040D}.Debug|Any CPU.ActiveCfg = Debug|Any CPU
		{F9203415-91A0-4E77-AD3A-FADF23A5040D}.Debug|Any CPU.Build.0 = Debug|Any CPU
		{F9203415-91A0-4E77-AD3A-FADF23A5040D}.Release|Any CPU.ActiveCfg = Release|Any CPU
		{F9203415-91A0-4E77-AD3A-FADF23A5040D}.Release|Any CPU.Build.0 = Release|Any CPU
		{6754557E-8EFF-4446-A528-1DE97A0B825F}.Debug|Any CPU.ActiveCfg = Debug|Any CPU
		{6754557E-8EFF-4446-A528-1DE97A0B825F}.Debug|Any CPU.Build.0 = Debug|Any CPU
		{6754557E-8EFF-4446-A528-1DE97A0B825F}.Release|Any CPU.ActiveCfg = Release|Any CPU
		{6754557E-8EFF-4446-A528-1DE97A0B825F}.Release|Any CPU.Build.0 = Release|Any CPU
		{068C9423-84FC-4D7F-85C1-762C45526617}.Debug|Any CPU.ActiveCfg = Debug|Any CPU
		{068C9423-84FC-4D7F-85C1-762C45526617}.Debug|Any CPU.Build.0 = Debug|Any CPU
		{068C9423-84FC-4D7F-85C1-762C45526617}.Release|Any CPU.ActiveCfg = Release|Any CPU
		{068C9423-84FC-4D7F-85C1-762C45526617}.Release|Any CPU.Build.0 = Release|Any CPU
	EndGlobalSection
	GlobalSection(SolutionProperties) = preSolution
		HideSolutionNode = FALSE
	EndGlobalSection
EndGlobal
